
Microsoft Visual Studio Solution File, Format Version 12.00
Project("{FAE04EC0-301F-11D3-BF4B-00C04F79EFBC}") = "Assignments.CalculatorApp", "Assignments.CalculatorApp\Assignments.CalculatorApp.csproj", "{EFA73BDE-67EA-4E01-83BA-E5EAF6498611}"
EndProject
Global
	GlobalSection(SolutionConfigurationPlatforms) = preSolution
		Debug|Any CPU = Debug|Any CPU
		Release|Any CPU = Release|Any CPU
	EndGlobalSection
	GlobalSection(ProjectConfigurationPlatforms) = postSolution
		{EFA73BDE-67EA-4E01-83BA-E5EAF6498611}.Debug|Any CPU.ActiveCfg = Debug|Any CPU
		{EFA73BDE-67EA-4E01-83BA-E5EAF6498611}.Debug|Any CPU.Build.0 = Debug|Any CPU
		{EFA73BDE-67EA-4E01-83BA-E5EAF6498611}.Release|Any CPU.ActiveCfg = Release|Any CPU
		{EFA73BDE-67EA-4E01-83BA-E5EAF6498611}.Release|Any CPU.Build.0 = Release|Any CPU
	EndGlobalSection
EndGlobal
